// !$*UTF8*$!
{
	archiveVersion = 1;
	classes = {
	};
	objectVersion = 50;
	objects = {

/* Begin PBXBuildFile section */
		03A5EB82260E830800495CB5 /* AppDelegate.swift in Sources */ = {isa = PBXBuildFile; fileRef = 03A5EB81260E830800495CB5 /* AppDelegate.swift */; };
		03A5EB84260E830800495CB5 /* SceneDelegate.swift in Sources */ = {isa = PBXBuildFile; fileRef = 03A5EB83260E830800495CB5 /* SceneDelegate.swift */; };
		03A5EB86260E830800495CB5 /* ViewController.swift in Sources */ = {isa = PBXBuildFile; fileRef = 03A5EB85260E830800495CB5 /* ViewController.swift */; };
		03A5EB89260E830800495CB5 /* Main.storyboard in Resources */ = {isa = PBXBuildFile; fileRef = 03A5EB87260E830800495CB5 /* Main.storyboard */; };
		03A5EB8B260E830E00495CB5 /* Assets.xcassets in Resources */ = {isa = PBXBuildFile; fileRef = 03A5EB8A260E830E00495CB5 /* Assets.xcassets */; };
		03A5EB8E260E830E00495CB5 /* LaunchScreen.storyboard in Resources */ = {isa = PBXBuildFile; fileRef = 03A5EB8C260E830E00495CB5 /* LaunchScreen.storyboard */; };
		03A5EB99260E830E00495CB5 /* DynamicCellTests.swift in Sources */ = {isa = PBXBuildFile; fileRef = 03A5EB98260E830E00495CB5 /* DynamicCellTests.swift */; };
		03A5EBA4260E830E00495CB5 /* DynamicCellUITests.swift in Sources */ = {isa = PBXBuildFile; fileRef = 03A5EBA3260E830E00495CB5 /* DynamicCellUITests.swift */; };
/* End PBXBuildFile section */

/* Begin PBXContainerItemProxy section */
		03A5EB95260E830E00495CB5 /* PBXContainerItemProxy */ = {
			isa = PBXContainerItemProxy;
			containerPortal = 03A5EB76260E830800495CB5 /* Project object */;
			proxyType = 1;
			remoteGlobalIDString = 03A5EB7D260E830800495CB5;
			remoteInfo = DynamicCell;
		};
		03A5EBA0260E830E00495CB5 /* PBXContainerItemProxy */ = {
			isa = PBXContainerItemProxy;
			containerPortal = 03A5EB76260E830800495CB5 /* Project object */;
			proxyType = 1;
			remoteGlobalIDString = 03A5EB7D260E830800495CB5;
			remoteInfo = DynamicCell;
		};
/* End PBXContainerItemProxy section */

/* Begin PBXFileReference section */
		03A5EB7E260E830800495CB5 /* DynamicCell.app */ = {isa = PBXFileReference; explicitFileType = wrapper.application; includeInIndex = 0; path = DynamicCell.app; sourceTree = BUILT_PRODUCTS_DIR; };
		03A5EB81260E830800495CB5 /* AppDelegate.swift */ = {isa = PBXFileReference; lastKnownFileType = sourcecode.swift; path = AppDelegate.swift; sourceTree = "<group>"; };
		03A5EB83260E830800495CB5 /* SceneDelegate.swift */ = {isa = PBXFileReference; lastKnownFileType = sourcecode.swift; path = SceneDelegate.swift; sourceTree = "<group>"; };
		03A5EB85260E830800495CB5 /* ViewController.swift */ = {isa = PBXFileReference; lastKnownFileType = sourcecode.swift; path = ViewController.swift; sourceTree = "<group>"; };
		03A5EB88260E830800495CB5 /* Base */ = {isa = PBXFileReference; lastKnownFileType = file.storyboard; name = Base; path = Base.lproj/Main.storyboard; sourceTree = "<group>"; };
		03A5EB8A260E830E00495CB5 /* Assets.xcassets */ = {isa = PBXFileReference; lastKnownFileType = folder.assetcatalog; path = Assets.xcassets; sourceTree = "<group>"; };
		03A5EB8D260E830E00495CB5 /* Base */ = {isa = PBXFileReference; lastKnownFileType = file.storyboard; name = Base; path = Base.lproj/LaunchScreen.storyboard; sourceTree = "<group>"; };
		03A5EB8F260E830E00495CB5 /* Info.plist */ = {isa = PBXFileReference; lastKnownFileType = text.plist.xml; path = Info.plist; sourceTree = "<group>"; };
		03A5EB94260E830E00495CB5 /* DynamicCellTests.xctest */ = {isa = PBXFileReference; explicitFileType = wrapper.cfbundle; includeInIndex = 0; path = DynamicCellTests.xctest; sourceTree = BUILT_PRODUCTS_DIR; };
		03A5EB98260E830E00495CB5 /* DynamicCellTests.swift */ = {isa = PBXFileReference; lastKnownFileType = sourcecode.swift; path = DynamicCellTests.swift; sourceTree = "<group>"; };
		03A5EB9A260E830E00495CB5 /* Info.plist */ = {isa = PBXFileReference; lastKnownFileType = text.plist.xml; path = Info.plist; sourceTree = "<group>"; };
		03A5EB9F260E830E00495CB5 /* DynamicCellUITests.xctest */ = {isa = PBXFileReference; explicitFileType = wrapper.cfbundle; includeInIndex = 0; path = DynamicCellUITests.xctest; sourceTree = BUILT_PRODUCTS_DIR; };
		03A5EBA3260E830E00495CB5 /* DynamicCellUITests.swift */ = {isa = PBXFileReference; lastKnownFileType = sourcecode.swift; path = DynamicCellUITests.swift; sourceTree = "<group>"; };
		03A5EBA5260E830E00495CB5 /* Info.plist */ = {isa = PBXFileReference; lastKnownFileType = text.plist.xml; path = Info.plist; sourceTree = "<group>"; };
/* End PBXFileReference section */

/* Begin PBXFrameworksBuildPhase section */
		03A5EB7B260E830800495CB5 /* Frameworks */ = {
			isa = PBXFrameworksBuildPhase;
			buildActionMask = 2147483647;
			files = (
			);
			runOnlyForDeploymentPostprocessing = 0;
		};
		03A5EB91260E830E00495CB5 /* Frameworks */ = {
			isa = PBXFrameworksBuildPhase;
			buildActionMask = 2147483647;
			files = (
			);
			runOnlyForDeploymentPostprocessing = 0;
		};
		03A5EB9C260E830E00495CB5 /* Frameworks */ = {
			isa = PBXFrameworksBuildPhase;
			buildActionMask = 2147483647;
			files = (
			);
			runOnlyForDeploymentPostprocessing = 0;
		};
/* End PBXFrameworksBuildPhase section */

/* Begin PBXGroup section */
		03A5EB75260E830800495CB5 = {
			isa = PBXGroup;
			children = (
				03A5EB80260E830800495CB5 /* DynamicCell */,
				03A5EB97260E830E00495CB5 /* DynamicCellTests */,
				03A5EBA2260E830E00495CB5 /* DynamicCellUITests */,
				03A5EB7F260E830800495CB5 /* Products */,
			);
			sourceTree = "<group>";
		};
		03A5EB7F260E830800495CB5 /* Products */ = {
			isa = PBXGroup;
			children = (
				03A5EB7E260E830800495CB5 /* DynamicCell.app */,
				03A5EB94260E830E00495CB5 /* DynamicCellTests.xctest */,
				03A5EB9F260E830E00495CB5 /* DynamicCellUITests.xctest */,
			);
			name = Products;
			sourceTree = "<group>";
		};
		03A5EB80260E830800495CB5 /* DynamicCell */ = {
			isa = PBXGroup;
			children = (
				03A5EB81260E830800495CB5 /* AppDelegate.swift */,
				03A5EB83260E830800495CB5 /* SceneDelegate.swift */,
				03A5EB85260E830800495CB5 /* ViewController.swift */,
				03A5EB87260E830800495CB5 /* Main.storyboard */,
				03A5EB8A260E830E00495CB5 /* Assets.xcassets */,
				03A5EB8C260E830E00495CB5 /* LaunchScreen.storyboard */,
				03A5EB8F260E830E00495CB5 /* Info.plist */,
			);
			path = DynamicCell;
			sourceTree = "<group>";
		};
		03A5EB97260E830E00495CB5 /* DynamicCellTests */ = {
			isa = PBXGroup;
			children = (
				03A5EB98260E830E00495CB5 /* DynamicCellTests.swift */,
				03A5EB9A260E830E00495CB5 /* Info.plist */,
			);
			path = DynamicCellTests;
			sourceTree = "<group>";
		};
		03A5EBA2260E830E00495CB5 /* DynamicCellUITests */ = {
			isa = PBXGroup;
			children = (
				03A5EBA3260E830E00495CB5 /* DynamicCellUITests.swift */,
				03A5EBA5260E830E00495CB5 /* Info.plist */,
			);
			path = DynamicCellUITests;
			sourceTree = "<group>";
		};
/* End PBXGroup section */

/* Begin PBXNativeTarget section */
		03A5EB7D260E830800495CB5 /* DynamicCell */ = {
			isa = PBXNativeTarget;
			buildConfigurationList = 03A5EBA8260E830E00495CB5 /* Build configuration list for PBXNativeTarget "DynamicCell" */;
			buildPhases = (
				03A5EB7A260E830800495CB5 /* Sources */,
				03A5EB7B260E830800495CB5 /* Frameworks */,
				03A5EB7C260E830800495CB5 /* Resources */,
			);
			buildRules = (
			);
			dependencies = (
			);
			name = DynamicCell;
			productName = DynamicCell;
			productReference = 03A5EB7E260E830800495CB5 /* DynamicCell.app */;
			productType = "com.apple.product-type.application";
		};
		03A5EB93260E830E00495CB5 /* DynamicCellTests */ = {
			isa = PBXNativeTarget;
			buildConfigurationList = 03A5EBAB260E830E00495CB5 /* Build configuration list for PBXNativeTarget "DynamicCellTests" */;
			buildPhases = (
				03A5EB90260E830E00495CB5 /* Sources */,
				03A5EB91260E830E00495CB5 /* Frameworks */,
				03A5EB92260E830E00495CB5 /* Resources */,
			);
			buildRules = (
			);
			dependencies = (
				03A5EB96260E830E00495CB5 /* PBXTargetDependency */,
			);
			name = DynamicCellTests;
			productName = DynamicCellTests;
			productReference = 03A5EB94260E830E00495CB5 /* DynamicCellTests.xctest */;
			productType = "com.apple.product-type.bundle.unit-test";
		};
		03A5EB9E260E830E00495CB5 /* DynamicCellUITests */ = {
			isa = PBXNativeTarget;
			buildConfigurationList = 03A5EBAE260E830E00495CB5 /* Build configuration list for PBXNativeTarget "DynamicCellUITests" */;
			buildPhases = (
				03A5EB9B260E830E00495CB5 /* Sources */,
				03A5EB9C260E830E00495CB5 /* Frameworks */,
				03A5EB9D260E830E00495CB5 /* Resources */,
			);
			buildRules = (
			);
			dependencies = (
				03A5EBA1260E830E00495CB5 /* PBXTargetDependency */,
			);
			name = DynamicCellUITests;
			productName = DynamicCellUITests;
			productReference = 03A5EB9F260E830E00495CB5 /* DynamicCellUITests.xctest */;
			productType = "com.apple.product-type.bundle.ui-testing";
		};
/* End PBXNativeTarget section */

/* Begin PBXProject section */
		03A5EB76260E830800495CB5 /* Project object */ = {
			isa = PBXProject;
			attributes = {
				LastSwiftUpdateCheck = 1200;
				LastUpgradeCheck = 1200;
				TargetAttributes = {
					03A5EB7D260E830800495CB5 = {
						CreatedOnToolsVersion = 12.0;
					};
					03A5EB93260E830E00495CB5 = {
						CreatedOnToolsVersion = 12.0;
						TestTargetID = 03A5EB7D260E830800495CB5;
					};
					03A5EB9E260E830E00495CB5 = {
						CreatedOnToolsVersion = 12.0;
						TestTargetID = 03A5EB7D260E830800495CB5;
					};
				};
			};
			buildConfigurationList = 03A5EB79260E830800495CB5 /* Build configuration list for PBXProject "DynamicCell" */;
			compatibilityVersion = "Xcode 9.3";
			developmentRegion = en;
			hasScannedForEncodings = 0;
			knownRegions = (
				en,
				Base,
			);
			mainGroup = 03A5EB75260E830800495CB5;
			productRefGroup = 03A5EB7F260E830800495CB5 /* Products */;
			projectDirPath = "";
			projectRoot = "";
			targets = (
				03A5EB7D260E830800495CB5 /* DynamicCell */,
				03A5EB93260E830E00495CB5 /* DynamicCellTests */,
				03A5EB9E260E830E00495CB5 /* DynamicCellUITests */,
			);
		};
/* End PBXProject section */

/* Begin PBXResourcesBuildPhase section */
		03A5EB7C260E830800495CB5 /* Resources */ = {
			isa = PBXResourcesBuildPhase;
			buildActionMask = 2147483647;
			files = (
				03A5EB8E260E830E00495CB5 /* LaunchScreen.storyboard in Resources */,
				03A5EB8B260E830E00495CB5 /* Assets.xcassets in Resources */,
				03A5EB89260E830800495CB5 /* Main.storyboard in Resources */,
			);
			runOnlyForDeploymentPostprocessing = 0;
		};
		03A5EB92260E830E00495CB5 /* Resources */ = {
			isa = PBXResourcesBuildPhase;
			buildActionMask = 2147483647;
			files = (
			);
			runOnlyForDeploymentPostprocessing = 0;
		};
		03A5EB9D260E830E00495CB5 /* Resources */ = {
			isa = PBXResourcesBuildPhase;
			buildActionMask = 2147483647;
			files = (
			);
			runOnlyForDeploymentPostprocessing = 0;
		};
/* End PBXResourcesBuildPhase section */

/* Begin PBXSourcesBuildPhase section */
		03A5EB7A260E830800495CB5 /* Sources */ = {
			isa = PBXSourcesBuildPhase;
			buildActionMask = 2147483647;
			files = (
				03A5EB86260E830800495CB5 /* ViewController.swift in Sources */,
				03A5EB82260E830800495CB5 /* AppDelegate.swift in Sources */,
				03A5EB84260E830800495CB5 /* SceneDelegate.swift in Sources */,
			);
			runOnlyForDeploymentPostprocessing = 0;
		};
		03A5EB90260E830E00495CB5 /* Sources */ = {
			isa = PBXSourcesBuildPhase;
			buildActionMask = 2147483647;
			files = (
				03A5EB99260E830E00495CB5 /* DynamicCellTests.swift in Sources */,
			);
			runOnlyForDeploymentPostprocessing = 0;
		};
		03A5EB9B260E830E00495CB5 /* Sources */ = {
			isa = PBXSourcesBuildPhase;
			buildActionMask = 2147483647;
			files = (
				03A5EBA4260E830E00495CB5 /* DynamicCellUITests.swift in Sources */,
			);
			runOnlyForDeploymentPostprocessing = 0;
		};
/* End PBXSourcesBuildPhase section */

/* Begin PBXTargetDependency section */
		03A5EB96260E830E00495CB5 /* PBXTargetDependency */ = {
			isa = PBXTargetDependency;
			target = 03A5EB7D260E830800495CB5 /* DynamicCell */;
			targetProxy = 03A5EB95260E830E00495CB5 /* PBXContainerItemProxy */;
		};
		03A5EBA1260E830E00495CB5 /* PBXTargetDependency */ = {
			isa = PBXTargetDependency;
			target = 03A5EB7D260E830800495CB5 /* DynamicCell */;
			targetProxy = 03A5EBA0260E830E00495CB5 /* PBXContainerItemProxy */;
		};
/* End PBXTargetDependency section */

/* Begin PBXVariantGroup section */
		03A5EB87260E830800495CB5 /* Main.storyboard */ = {
			isa = PBXVariantGroup;
			children = (
				03A5EB88260E830800495CB5 /* Base */,
			);
			name = Main.storyboard;
			sourceTree = "<group>";
		};
		03A5EB8C260E830E00495CB5 /* LaunchScreen.storyboard */ = {
			isa = PBXVariantGroup;
			children = (
				03A5EB8D260E830E00495CB5 /* Base */,
			);
			name = LaunchScreen.storyboard;
			sourceTree = "<group>";
		};
/* End PBXVariantGroup section */

/* Begin XCBuildConfiguration section */
		03A5EBA6260E830E00495CB5 /* Debug */ = {
			isa = XCBuildConfiguration;
			buildSettings = {
				ALWAYS_SEARCH_USER_PATHS = NO;
				CLANG_ANALYZER_NONNULL = YES;
				CLANG_ANALYZER_NUMBER_OBJECT_CONVERSION = YES_AGGRESSIVE;
				CLANG_CXX_LANGUAGE_STANDARD = "gnu++14";
				CLANG_CXX_LIBRARY = "libc++";
				CLANG_ENABLE_MODULES = YES;
				CLANG_ENABLE_OBJC_ARC = YES;
				CLANG_ENABLE_OBJC_WEAK = YES;
				CLANG_WARN_BLOCK_CAPTURE_AUTORELEASING = YES;
				CLANG_WARN_BOOL_CONVERSION = YES;
				CLANG_WARN_COMMA = YES;
				CLANG_WARN_CONSTANT_CONVERSION = YES;
				CLANG_WARN_DEPRECATED_OBJC_IMPLEMENTATIONS = YES;
				CLANG_WARN_DIRECT_OBJC_ISA_USAGE = YES_ERROR;
				CLANG_WARN_DOCUMENTATION_COMMENTS = YES;
				CLANG_WARN_EMPTY_BODY = YES;
				CLANG_WARN_ENUM_CONVERSION = YES;
				CLANG_WARN_INFINITE_RECURSION = YES;
				CLANG_WARN_INT_CONVERSION = YES;
				CLANG_WARN_NON_LITERAL_NULL_CONVERSION = YES;
				CLANG_WARN_OBJC_IMPLICIT_RETAIN_SELF = YES;
				CLANG_WARN_OBJC_LITERAL_CONVERSION = YES;
				CLANG_WARN_OBJC_ROOT_CLASS = YES_ERROR;
				CLANG_WARN_QUOTED_INCLUDE_IN_FRAMEWORK_HEADER = YES;
				CLANG_WARN_RANGE_LOOP_ANALYSIS = YES;
				CLANG_WARN_STRICT_PROTOTYPES = YES;
				CLANG_WARN_SUSPICIOUS_MOVE = YES;
				CLANG_WARN_UNGUARDED_AVAILABILITY = YES_AGGRESSIVE;
				CLANG_WARN_UNREACHABLE_CODE = YES;
				CLANG_WARN__DUPLICATE_METHOD_MATCH = YES;
				COPY_PHASE_STRIP = NO;
				DEBUG_INFORMATION_FORMAT = dwarf;
				ENABLE_STRICT_OBJC_MSGSEND = YES;
				ENABLE_TESTABILITY = YES;
				GCC_C_LANGUAGE_STANDARD = gnu11;
				GCC_DYNAMIC_NO_PIC = NO;
				GCC_NO_COMMON_BLOCKS = YES;
				GCC_OPTIMIZATION_LEVEL = 0;
				GCC_PREPROCESSOR_DEFINITIONS = (
					"DEBUG=1",
					"$(inherited)",
				);
				GCC_WARN_64_TO_32_BIT_CONVERSION = YES;
				GCC_WARN_ABOUT_RETURN_TYPE = YES_ERROR;
				GCC_WARN_UNDECLARED_SELECTOR = YES;
				GCC_WARN_UNINITIALIZED_AUTOS = YES_AGGRESSIVE;
				GCC_WARN_UNUSED_FUNCTION = YES;
				GCC_WARN_UNUSED_VARIABLE = YES;
				IPHONEOS_DEPLOYMENT_TARGET = 14.0;
				MTL_ENABLE_DEBUG_INFO = INCLUDE_SOURCE;
				MTL_FAST_MATH = YES;
				ONLY_ACTIVE_ARCH = YES;
				SDKROOT = iphoneos;
				SWIFT_ACTIVE_COMPILATION_CONDITIONS = DEBUG;
				SWIFT_OPTIMIZATION_LEVEL = "-Onone";
			};
			name = Debug;
		};
		03A5EBA7260E830E00495CB5 /* Release */ = {
			isa = XCBuildConfiguration;
			buildSettings = {
				ALWAYS_SEARCH_USER_PATHS = NO;
				CLANG_ANALYZER_NONNULL = YES;
				CLANG_ANALYZER_NUMBER_OBJECT_CONVERSION = YES_AGGRESSIVE;
				CLANG_CXX_LANGUAGE_STANDARD = "gnu++14";
				CLANG_CXX_LIBRARY = "libc++";
				CLANG_ENABLE_MODULES = YES;
				CLANG_ENABLE_OBJC_ARC = YES;
				CLANG_ENABLE_OBJC_WEAK = YES;
				CLANG_WARN_BLOCK_CAPTURE_AUTORELEASING = YES;
				CLANG_WARN_BOOL_CONVERSION = YES;
				CLANG_WARN_COMMA = YES;
				CLANG_WARN_CONSTANT_CONVERSION = YES;
				CLANG_WARN_DEPRECATED_OBJC_IMPLEMENTATIONS = YES;
				CLANG_WARN_DIRECT_OBJC_ISA_USAGE = YES_ERROR;
				CLANG_WARN_DOCUMENTATION_COMMENTS = YES;
				CLANG_WARN_EMPTY_BODY = YES;
				CLANG_WARN_ENUM_CONVERSION = YES;
				CLANG_WARN_INFINITE_RECURSION = YES;
				CLANG_WARN_INT_CONVERSION = YES;
				CLANG_WARN_NON_LITERAL_NULL_CONVERSION = YES;
				CLANG_WARN_OBJC_IMPLICIT_RETAIN_SELF = YES;
				CLANG_WARN_OBJC_LITERAL_CONVERSION = YES;
				CLANG_WARN_OBJC_ROOT_CLASS = YES_ERROR;
				CLANG_WARN_QUOTED_INCLUDE_IN_FRAMEWORK_HEADER = YES;
				CLANG_WARN_RANGE_LOOP_ANALYSIS = YES;
				CLANG_WARN_STRICT_PROTOTYPES = YES;
				CLANG_WARN_SUSPICIOUS_MOVE = YES;
				CLANG_WARN_UNGUARDED_AVAILABILITY = YES_AGGRESSIVE;
				CLANG_WARN_UNREACHABLE_CODE = YES;
				CLANG_WARN__DUPLICATE_METHOD_MATCH = YES;
				COPY_PHASE_STRIP = NO;
				DEBUG_INFORMATION_FORMAT = "dwarf-with-dsym";
				ENABLE_NS_ASSERTIONS = NO;
				ENABLE_STRICT_OBJC_MSGSEND = YES;
				GCC_C_LANGUAGE_STANDARD = gnu11;
				GCC_NO_COMMON_BLOCKS = YES;
				GCC_WARN_64_TO_32_BIT_CONVERSION = YES;
				GCC_WARN_ABOUT_RETURN_TYPE = YES_ERROR;
				GCC_WARN_UNDECLARED_SELECTOR = YES;
				GCC_WARN_UNINITIALIZED_AUTOS = YES_AGGRESSIVE;
				GCC_WARN_UNUSED_FUNCTION = YES;
				GCC_WARN_UNUSED_VARIABLE = YES;
				IPHONEOS_DEPLOYMENT_TARGET = 14.0;
				MTL_ENABLE_DEBUG_INFO = NO;
				MTL_FAST_MATH = YES;
				SDKROOT = iphoneos;
				SWIFT_COMPILATION_MODE = wholemodule;
				SWIFT_OPTIMIZATION_LEVEL = "-O";
				VALIDATE_PRODUCT = YES;
			};
			name = Release;
		};
		03A5EBA9260E830E00495CB5 /* Debug */ = {
			isa = XCBuildConfiguration;
			buildSettings = {
				ASSETCATALOG_COMPILER_APPICON_NAME = AppIcon;
				ASSETCATALOG_COMPILER_GLOBAL_ACCENT_COLOR_NAME = AccentColor;
				CODE_SIGN_STYLE = Automatic;
				INFOPLIST_FILE = DynamicCell/Info.plist;
				LD_RUNPATH_SEARCH_PATHS = (
					"$(inherited)",
					"@executable_path/Frameworks",
				);
				PRODUCT_BUNDLE_IDENTIFIER = shifrat.com.DynamicCell;
				PRODUCT_NAME = "$(TARGET_NAME)";
				SWIFT_VERSION = 5.0;
				TARGETED_DEVICE_FAMILY = "1,2";
			};
			name = Debug;
		};
		03A5EBAA260E830E00495CB5 /* Release */ = {
			isa = XCBuildConfiguration;
			buildSettings = {
				ASSETCATALOG_COMPILER_APPICON_NAME = AppIcon;
				ASSETCATALOG_COMPILER_GLOBAL_ACCENT_COLOR_NAME = AccentColor;
				CODE_SIGN_STYLE = Automatic;
				INFOPLIST_FILE = DynamicCell/Info.plist;
				LD_RUNPATH_SEARCH_PATHS = (
					"$(inherited)",
					"@executable_path/Frameworks",
				);
				PRODUCT_BUNDLE_IDENTIFIER = shifrat.com.DynamicCell;
				PRODUCT_NAME = "$(TARGET_NAME)";
				SWIFT_VERSION = 5.0;
				TARGETED_DEVICE_FAMILY = "1,2";
			};
			name = Release;
		};
		03A5EBAC260E830E00495CB5 /* Debug */ = {
			isa = XCBuildConfiguration;
			buildSettings = {
				ALWAYS_EMBED_SWIFT_STANDARD_LIBRARIES = YES;
				BUNDLE_LOADER = "$(TEST_HOST)";
				CODE_SIGN_STYLE = Automatic;
				INFOPLIST_FILE = DynamicCellTests/Info.plist;
				IPHONEOS_DEPLOYMENT_TARGET = 14.0;
				LD_RUNPATH_SEARCH_PATHS = (
					"$(inherited)",
					"@executable_path/Frameworks",
					"@loader_path/Frameworks",
				);
				PRODUCT_BUNDLE_IDENTIFIER = shifrat.com.DynamicCellTests;
				PRODUCT_NAME = "$(TARGET_NAME)";
				SWIFT_VERSION = 5.0;
				TARGETED_DEVICE_FAMILY = "1,2";
				TEST_HOST = "$(BUILT_PRODUCTS_DIR)/DynamicCell.app/DynamicCell";
			};
			name = Debug;
		};
		03A5EBAD260E830E00495CB5 /* Release */ = {
			isa = XCBuildConfiguration;
			buildSettings = {
				ALWAYS_EMBED_SWIFT_STANDARD_LIBRARIES = YES;
				BUNDLE_LOADER = "$(TEST_HOST)";
				CODE_SIGN_STYLE = Automatic;
				INFOPLIST_FILE = DynamicCellTests/Info.plist;
				IPHONEOS_DEPLOYMENT_TARGET = 14.0;
				LD_RUNPATH_SEARCH_PATHS = (
					"$(inherited)",
					"@executable_path/Frameworks",
					"@loader_path/Frameworks",
				);
				PRODUCT_BUNDLE_IDENTIFIER = shifrat.com.DynamicCellTests;
				PRODUCT_NAME = "$(TARGET_NAME)";
				SWIFT_VERSION = 5.0;
				TARGETED_DEVICE_FAMILY = "1,2";
				TEST_HOST = "$(BUILT_PRODUCTS_DIR)/DynamicCell.app/DynamicCell";
			};
			name = Release;
		};
		03A5EBAF260E830E00495CB5 /* Debug */ = {
			isa = XCBuildConfiguration;
			buildSettings = {
				ALWAYS_EMBED_SWIFT_STANDARD_LIBRARIES = YES;
				CODE_SIGN_STYLE = Automatic;
				INFOPLIST_FILE = DynamicCellUITests/Info.plist;
				LD_RUNPATH_SEARCH_PATHS = (
					"$(inherited)",
					"@executable_path/Frameworks",
					"@loader_path/Frameworks",
				);
				PRODUCT_BUNDLE_IDENTIFIER = shifrat.com.DynamicCellUITests;
				PRODUCT_NAME = "$(TARGET_NAME)";
				SWIFT_VERSION = 5.0;
				TARGETED_DEVICE_FAMILY = "1,2";
				TEST_TARGET_NAME = DynamicCell;
			};
			name = Debug;
		};
		03A5EBB0260E830E00495CB5 /* Release */ = {
			isa = XCBuildConfiguration;
			buildSettings = {
				ALWAYS_EMBED_SWIFT_STANDARD_LIBRARIES = YES;
				CODE_SIGN_STYLE = Automatic;
				INFOPLIST_FILE = DynamicCellUITests/Info.plist;
				LD_RUNPATH_SEARCH_PATHS = (
					"$(inherited)",
					"@executable_path/Frameworks",
					"@loader_path/Frameworks",
				);
				PRODUCT_BUNDLE_IDENTIFIER = shifrat.com.DynamicCellUITests;
				PRODUCT_NAME = "$(TARGET_NAME)";
				SWIFT_VERSION = 5.0;
				TARGETED_DEVICE_FAMILY = "1,2";
				TEST_TARGET_NAME = DynamicCell;
			};
			name = Release;
		};
/* End XCBuildConfiguration section */

/* Begin XCConfigurationList section */
		03A5EB79260E830800495CB5 /* Build configuration list for PBXProject "DynamicCell" */ = {
			isa = XCConfigurationList;
			buildConfigurations = (
				03A5EBA6260E830E00495CB5 /* Debug */,
				03A5EBA7260E830E00495CB5 /* Release */,
			);
			defaultConfigurationIsVisible = 0;
			defaultConfigurationName = Release;
		};
		03A5EBA8260E830E00495CB5 /* Build configuration list for PBXNativeTarget "DynamicCell" */ = {
			isa = XCConfigurationList;
			buildConfigurations = (
				03A5EBA9260E830E00495CB5 /* Debug */,
				03A5EBAA260E830E00495CB5 /* Release */,
			);
			defaultConfigurationIsVisible = 0;
			defaultConfigurationName = Release;
		};
		03A5EBAB260E830E00495CB5 /* Build configuration list for PBXNativeTarget "DynamicCellTests" */ = {
			isa = XCConfigurationList;
			buildConfigurations = (
				03A5EBAC260E830E00495CB5 /* Debug */,
				03A5EBAD260E830E00495CB5 /* Release */,
			);
			defaultConfigurationIsVisible = 0;
			defaultConfigurationName = Release;
		};
		03A5EBAE260E830E00495CB5 /* Build configuration list for PBXNativeTarget "DynamicCellUITests" */ = {
			isa = XCConfigurationList;
			buildConfigurations = (
				03A5EBAF260E830E00495CB5 /* Debug */,
				03A5EBB0260E830E00495CB5 /* Release */,
			);
			defaultConfigurationIsVisible = 0;
			defaultConfigurationName = Release;
		};
/* End XCConfigurationList section */
	};
	rootObject = 03A5EB76260E830800495CB5 /* Project object */;
}
